
Microsoft Visual Studio Solution File, Format Version 12.00
# Visual Studio Version 16
VisualStudioVersion = 16.0.30011.22
MinimumVisualStudioVersion = 10.0.40219.1
Project("{FAE04EC0-301F-11D3-BF4B-00C04F79EFBC}") = "ProgramStart", "ProgramStart\ProgramStart.csproj", "{EFE3C607-DAF0-4655-83E4-D26551D36BED}"
EndProject
Global
	GlobalSection(SolutionConfigurationPlatforms) = preSolution
		Debug|Any CPU = Debug|Any CPU
		Release|Any CPU = Release|Any CPU
	EndGlobalSection
	GlobalSection(ProjectConfigurationPlatforms) = postSolution
		{EFE3C607-DAF0-4655-83E4-D26551D36BED}.Debug|Any CPU.ActiveCfg = Debug|Any CPU
		{EFE3C607-DAF0-4655-83E4-D26551D36BED}.Debug|Any CPU.Build.0 = Debug|Any CPU
		{EFE3C607-DAF0-4655-83E4-D26551D36BED}.Release|Any CPU.ActiveCfg = Release|Any CPU
		{EFE3C607-DAF0-4655-83E4-D26551D36BED}.Release|Any CPU.Build.0 = Release|Any CPU
	EndGlobalSection
	GlobalSection(SolutionProperties) = preSolution
		HideSolutionNode = FALSE
	EndGlobalSection
	GlobalSection(ExtensibilityGlobals) = postSolution
		SolutionGuid = {EA43A01B-2FFC-40C2-A6F3-1DD9568A79E5}
	EndGlobalSection
EndGlobal
